# This file was autogenerated by uv via the following command:
#    uv pip compile dependencies/requirements-macosx.txt -o dependencies/macosx.lock
absl-py==2.2.1
    # via mediapipe
accelerate==1.5.2
    # via
    #   -r dependencies/requirements-macosx.txt
    #   diffusers
aiohappyeyeballs==2.6.1
    # via aiohttp
aiohttp==3.11.14
    # via -r dependencies/requirements-macosx.txt
aiosignal==1.3.2
    # via aiohttp
annotated-types==0.7.0
    # via pydantic
anyio==4.9.0
    # via
    #   httpx
    #   starlette
    #   watchfiles
attrs==25.3.0
    # via
    #   aiohttp
    #   jsonschema
    #   mediapipe
    #   referencing
blake3==1.0.4
    # via -r dependencies/requirements-macosx.txt
certifi==2025.1.31
    # via
    #   httpcore
    #   httpx
    #   requests
cffi==1.17.1
    # via sounddevice
charset-normalizer==3.4.1
    # via requests
click==8.1.8
    # via
    #   rich-toolkit
    #   typer
    #   uvicorn
clip-anytorch==2.6.0
    # via -r dependencies/requirements-macosx.txt
coloredlogs==15.0.1
    # via onnxruntime
compel==2.0.3
    # via -r dependencies/requirements-macosx.txt
contourpy==1.3.1
    # via matplotlib
controlnet-aux==0.0.9
    # via -r dependencies/requirements-macosx.txt
cycler==0.12.1
    # via matplotlib
deprecated==1.2.18
    # via -r dependencies/requirements-macosx.txt
diffusers==0.32.2
    # via
    #   -r dependencies/requirements-macosx.txt
    #   compel
distlib==0.3.9
    # via virtualenv
dnspython==2.7.0
    # via email-validator
easydict==1.13
    # via -r dependencies/requirements-macosx.txt
einops==0.8.1
    # via
    #   -r dependencies/requirements-macosx.txt
    #   controlnet-aux
    #   spandrel
email-validator==2.2.0
    # via fastapi
fastapi==0.115.12
    # via -r dependencies/requirements-macosx.txt
fastapi-cli==0.0.7
    # via fastapi
filelock==3.18.0
    # via
    #   controlnet-aux
    #   diffusers
    #   huggingface-hub
    #   torch
    #   transformers
    #   virtualenv
flatbuffers==25.2.10
    # via
    #   mediapipe
    #   onnxruntime
fonttools==4.56.0
    # via matplotlib
frozenlist==1.5.0
    # via
    #   aiohttp
    #   aiosignal
fsspec==2025.3.0
    # via
    #   huggingface-hub
    #   torch
ftfy==6.3.1
    # via clip-anytorch
gguf==0.14.0
    # via -r dependencies/requirements-macosx.txt
glcontext==3.0.0
    # via moderngl
h11==0.14.0
    # via
    #   httpcore
    #   uvicorn
httpcore==1.0.7
    # via httpx
httptools==0.6.4
    # via uvicorn
httpx==0.28.1
    # via fastapi
huggingface-hub==0.29.3
    # via
    #   accelerate
    #   controlnet-aux
    #   diffusers
    #   tokenizers
    #   transformers
humanfriendly==10.0
    # via coloredlogs
idna==3.10
    # via
    #   anyio
    #   email-validator
    #   httpx
    #   requests
    #   yarl
igraph==0.11.8
    # via -r dependencies/requirements-macosx.txt
imageio==2.37.0
    # via scikit-image
importlib-metadata==8.6.1
    # via
    #   controlnet-aux
    #   diffusers
jax==0.5.3
    # via mediapipe
jaxlib==0.5.3
    # via
    #   jax
    #   mediapipe
jinja2==3.1.6
    # via
    #   fastapi
    #   torch
jsonschema==4.23.0
    # via rembg
jsonschema-specifications==2024.10.1
    # via jsonschema
kiwisolver==1.4.8
    # via matplotlib
kornia==0.8.0
    # via -r dependencies/requirements-macosx.txt
kornia-rs==0.1.8
    # via kornia
lazy-loader==0.4
    # via scikit-image
llvmlite==0.44.0
    # via numba
markdown-it-py==3.0.0
    # via rich
markupsafe==3.0.2
    # via jinja2
matplotlib==3.10.1
    # via
    #   -r dependencies/requirements-macosx.txt
    #   mediapipe
    #   pyvista
    #   vtk
mdurl==0.1.2
    # via markdown-it-py
mediapipe==0.10.21
    # via -r dependencies/requirements-macosx.txt
ml-dtypes==0.5.1
    # via
    #   jax
    #   jaxlib
moderngl==5.12.0
    # via -r dependencies/requirements-macosx.txt
mpmath==1.3.0
    # via sympy
multidict==6.2.0
    # via
    #   aiohttp
    #   yarl
networkx==3.4.2
    # via
    #   scikit-image
    #   torch
numba==0.61.0
    # via pymatting
numpy==1.26.4
    # via
    #   accelerate
    #   contourpy
    #   controlnet-aux
    #   diffusers
    #   gguf
    #   imageio
    #   jax
    #   jaxlib
    #   matplotlib
    #   mediapipe
    #   ml-dtypes
    #   numba
    #   onnx
    #   onnxruntime
    #   opencv-contrib-python
    #   opencv-python-headless
    #   plyfile
    #   pymatting
    #   pymeshfix
    #   pyvista
    #   rembg
    #   scikit-image
    #   scipy
    #   spandrel
    #   tifffile
    #   torchsde
    #   torchvision
    #   transformers
    #   trimesh
onnx==1.17.0
    # via -r dependencies/requirements-macosx.txt
onnxruntime==1.21.0
    # via -r dependencies/requirements-macosx.txt
opencv-contrib-python==4.11.0.86
    # via mediapipe
opencv-python-headless==4.11.0.86
    # via
    #   controlnet-aux
    #   rembg
opt-einsum==3.4.0
    # via jax
packaging==24.2
    # via
    #   accelerate
    #   huggingface-hub
    #   kornia
    #   lazy-loader
    #   matplotlib
    #   onnxruntime
    #   pooch
    #   scikit-image
    #   transformers
picklescan==0.0.24
    # via -r dependencies/requirements-macosx.txt
pillow==11.1.0
    # via
    #   -r dependencies/requirements-macosx.txt
    #   controlnet-aux
    #   diffusers
    #   imageio
    #   matplotlib
    #   pymatting
    #   pyvista
    #   rembg
    #   scikit-image
    #   torchvision
platformdirs==4.3.7
    # via
    #   pooch
    #   virtualenv
plyfile==1.1
    # via -r dependencies/requirements-macosx.txt
pooch==1.8.2
    # via
    #   pyvista
    #   rembg
propcache==0.3.1
    # via
    #   aiohttp
    #   yarl
protobuf==4.25.6
    # via
    #   mediapipe
    #   onnx
    #   onnxruntime
psutil==7.0.0
    # via accelerate
pycparser==2.22
    # via cffi
pydantic==2.11.1
    # via
    #   -r dependencies/requirements-macosx.txt
    #   fastapi
    #   pydantic-settings
pydantic-core==2.33.0
    # via pydantic
pydantic-settings==2.8.1
    # via -r dependencies/requirements-macosx.txt
pygments==2.19.1
    # via rich
pymatting==1.1.13
    # via rembg
pymeshfix==0.17.0
    # via -r dependencies/requirements-macosx.txt
pyparsing==3.2.3
    # via
    #   compel
    #   matplotlib
python-dateutil==2.9.0.post0
    # via matplotlib
python-dotenv==1.1.0
    # via
    #   pydantic-settings
    #   uvicorn
python-multipart==0.0.20
    # via fastapi
pyvista==0.44.2
    # via
    #   -r dependencies/requirements-macosx.txt
    #   pymeshfix
pyyaml==6.0.2
    # via
    #   -r dependencies/requirements-macosx.txt
    #   accelerate
    #   gguf
    #   huggingface-hub
    #   transformers
    #   uvicorn
referencing==0.36.2
    # via
    #   jsonschema
    #   jsonschema-specifications
regex==2024.11.6
    # via
    #   clip-anytorch
    #   diffusers
    #   transformers
rembg==2.0.65
    # via -r dependencies/requirements-macosx.txt
requests==2.32.3
    # via
    #   diffusers
    #   huggingface-hub
    #   pooch
    #   transformers
rich==13.9.4
    # via
    #   rich-toolkit
    #   typer
rich-toolkit==0.14.0
    # via fastapi-cli
rpds-py==0.24.0
    # via
    #   jsonschema
    #   referencing
safetensors==0.5.3
    # via
    #   -r dependencies/requirements-macosx.txt
    #   accelerate
    #   diffusers
    #   spandrel
    #   transformers
scikit-image==0.25.2
    # via
    #   controlnet-aux
    #   rembg
scipy==1.15.2
    # via
    #   -r dependencies/requirements-macosx.txt
    #   controlnet-aux
    #   jax
    #   jaxlib
    #   pymatting
    #   rembg
    #   scikit-image
    #   torchsde
scooby==0.10.0
    # via pyvista
sentencepiece==0.2.0
    # via
    #   gguf
    #   mediapipe
setuptools==78.1.0
    # via torch
shellingham==1.5.4
    # via typer
six==1.17.0
    # via python-dateutil
sniffio==1.3.1
    # via anyio
sounddevice==0.5.1
    # via mediapipe
spandrel==0.4.1
    # via -r dependencies/requirements-macosx.txt
starlette==0.46.1
    # via fastapi
sympy==1.13.3
    # via
    #   onnxruntime
    #   torch
texttable==1.7.0
    # via igraph
tifffile==2025.3.13
    # via scikit-image
timm==0.6.7
    # via controlnet-aux
tokenizers==0.21.1
    # via
    #   -r dependencies/requirements-macosx.txt
    #   transformers
torch==2.4.1
    # via
    #   -r dependencies/requirements-macosx.txt
    #   accelerate
    #   clip-anytorch
    #   compel
    #   controlnet-aux
    #   diffusers
    #   kornia
    #   spandrel
    #   timm
    #   torchaudio
    #   torchsde
    #   torchvision
torchaudio==2.4.1
    # via -r dependencies/requirements-macosx.txt
torchsde==0.2.6
    # via -r dependencies/requirements-macosx.txt
torchvision==0.19.1
    # via
    #   -r dependencies/requirements-macosx.txt
    #   clip-anytorch
    #   controlnet-aux
    #   spandrel
    #   timm
tqdm==4.67.1
    # via
    #   clip-anytorch
    #   gguf
    #   huggingface-hub
    #   rembg
    #   transformers
trampoline==0.1.2
    # via torchsde
transformers==4.50.3
    # via
    #   -r dependencies/requirements-macosx.txt
    #   compel
trimesh==4.6.6
    # via -r dependencies/requirements-macosx.txt
typer==0.15.2
    # via fastapi-cli
typing-extensions==4.13.0
    # via
    #   anyio
    #   fastapi
    #   huggingface-hub
    #   pydantic
    #   pydantic-core
    #   pyvista
    #   referencing
    #   rich-toolkit
    #   spandrel
    #   torch
    #   typer
    #   typing-inspection
typing-inspection==0.4.0
    # via pydantic
urllib3==2.3.0
    # via requests
uvicorn==0.34.0
    # via
    #   fastapi
    #   fastapi-cli
uvloop==0.21.0
    # via uvicorn
virtualenv==20.29.3
    # via -r dependencies/requirements-macosx.txt
vtk==9.3.1
    # via pyvista
watchfiles==1.0.4
    # via uvicorn
wcwidth==0.2.13
    # via ftfy
websockets==15.0.1
    # via
    #   -r dependencies/requirements-macosx.txt
    #   uvicorn
wrapt==1.17.2
    # via deprecated
yarl==1.18.3
    # via aiohttp
zipp==3.21.0
    # via importlib-metadata
