# This file was autogenerated by uv via the following command:
#    uv pip compile dependencies\requirements-linux.txt -o dependencies\linux.lock --no-upgrade
absl-py==2.2.2
    # via mediapipe
accelerate==1.7.0
    # via
    #   -r dependencies/requirements-linux.txt
    #   diffusers
aiohappyeyeballs==2.6.1
    # via aiohttp
aiohttp==3.11.18
    # via -r dependencies/requirements-linux.txt
aioshutil==1.5
    # via -r dependencies/requirements-linux.txt
aiosignal==1.3.2
    # via aiohttp
annotated-types==0.7.0
    # via pydantic
anyio==4.9.0
    # via
    #   httpx
    #   starlette
    #   watchfiles
attrs==25.3.0
    # via
    #   aiohttp
    #   jsonschema
    #   mediapipe
    #   referencing
blake3==1.0.5
    # via -r dependencies/requirements-linux.txt
certifi==2022.12.7
    # via
    #   httpcore
    #   httpx
    #   requests
cffi==1.17.1
    # via sounddevice
charset-normalizer==2.1.1
    # via requests
click==8.1.8
    # via
    #   rich-toolkit
    #   typer
    #   uvicorn
clip-anytorch==2.6.0
    # via -r dependencies/requirements-linux.txt
colorama==0.4.6
    # via
    #   click
    #   tqdm
    #   uvicorn
coloredlogs==15.0.1
    # via onnxruntime
compel==2.1.1
    # via -r dependencies/requirements-linux.txt
contourpy==1.3.2
    # via matplotlib
controlnet-aux==0.0.10
    # via -r dependencies/requirements-linux.txt
cycler==0.12.1
    # via matplotlib
deprecated==1.2.18
    # via -r dependencies/requirements-linux.txt
diffusers==0.33.1
    # via
    #   -r dependencies/requirements-linux.txt
    #   compel
distlib==0.3.9
    # via virtualenv
dnspython==2.7.0
    # via email-validator
easydict==1.13
    # via -r dependencies/requirements-linux.txt
einops==0.8.1
    # via
    #   -r dependencies/requirements-linux.txt
    #   controlnet-aux
    #   spandrel
email-validator==2.2.0
    # via fastapi
fastapi==0.115.6
    # via -r dependencies/requirements-linux.txt
fastapi-cli==0.0.7
    # via fastapi
filelock==3.13.1
    # via
    #   controlnet-aux
    #   diffusers
    #   huggingface-hub
    #   torch
    #   transformers
    #   virtualenv
flatbuffers==25.2.10
    # via
    #   mediapipe
    #   onnxruntime
fonttools==4.58.0
    # via matplotlib
frozenlist==1.6.0
    # via
    #   aiohttp
    #   aiosignal
fsspec==2024.6.1
    # via
    #   huggingface-hub
    #   torch
ftfy==6.3.1
    # via clip-anytorch
gguf==0.16.3
    # via -r dependencies/requirements-linux.txt
glcontext==3.0.0
    # via moderngl
h11==0.16.0
    # via
    #   httpcore
    #   uvicorn
hf-transfer==0.1.9
    # via huggingface-hub
hf-xet==1.1.2
    # via huggingface-hub
httpcore==1.0.9
    # via httpx
httptools==0.6.4
    # via uvicorn
httpx==0.28.1
    # via fastapi
huggingface-hub==0.32.0
    # via
    #   -r dependencies/requirements-linux.txt
    #   accelerate
    #   controlnet-aux
    #   diffusers
    #   timm
    #   tokenizers
    #   transformers
humanfriendly==10.0
    # via coloredlogs
idna==3.4
    # via
    #   anyio
    #   email-validator
    #   httpx
    #   requests
    #   yarl
igraph==0.11.8
    # via -r dependencies/requirements-linux.txt
imageio==2.37.0
    # via scikit-image
importlib-metadata==8.7.0
    # via
    #   controlnet-aux
    #   diffusers
jax==0.6.1
    # via mediapipe
jaxlib==0.6.1
    # via
    #   jax
    #   mediapipe
jinja2==3.1.4
    # via
    #   fastapi
    #   torch
jsonschema==4.23.0
    # via rembg
jsonschema-specifications==2025.4.1
    # via jsonschema
kiwisolver==1.4.8
    # via matplotlib
kornia==0.8.1
    # via -r dependencies/requirements-linux.txt
kornia-rs==0.1.9
    # via kornia
lazy-loader==0.4
    # via scikit-image
llvmlite==0.44.0
    # via numba
markdown-it-py==3.0.0
    # via rich
markupsafe==2.1.5
    # via jinja2
matplotlib==3.10.3
    # via
    #   -r dependencies/requirements-linux.txt
    #   mediapipe
    #   pyvista
    #   vtk
mdurl==0.1.2
    # via markdown-it-py
mediapipe==0.10.21
    # via -r dependencies/requirements-linux.txt
ml-dtypes==0.5.1
    # via
    #   jax
    #   jaxlib
moderngl==5.12.0
    # via -r dependencies/requirements-linux.txt
mpmath==1.3.0
    # via sympy
multidict==6.4.4
    # via
    #   aiohttp
    #   yarl
networkx==3.3
    # via
    #   scikit-image
    #   torch
numba==0.61.2
    # via pymatting
numpy==1.26.3
    # via
    #   accelerate
    #   contourpy
    #   controlnet-aux
    #   diffusers
    #   gguf
    #   imageio
    #   jax
    #   jaxlib
    #   matplotlib
    #   mediapipe
    #   ml-dtypes
    #   numba
    #   onnx
    #   onnxruntime
    #   opencv-contrib-python
    #   opencv-python-headless
    #   plyfile
    #   pymatting
    #   pymeshfix
    #   pyvista
    #   rembg
    #   scikit-image
    #   scipy
    #   spandrel
    #   tifffile
    #   torchsde
    #   torchvision
    #   transformers
    #   trimesh
    #   xformers
onnx==1.18.0
    # via -r dependencies/requirements-linux.txt
onnxruntime==1.22.0
    # via -r dependencies/requirements-linux.txt
opencv-contrib-python==4.11.0.86
    # via mediapipe
opencv-python-headless==4.11.0.86
    # via
    #   controlnet-aux
    #   rembg
opt-einsum==3.4.0
    # via jax
packaging==24.1
    # via
    #   accelerate
    #   huggingface-hub
    #   kornia
    #   lazy-loader
    #   matplotlib
    #   onnxruntime
    #   pooch
    #   scikit-image
    #   transformers
picklescan==0.0.26
    # via -r dependencies/requirements-linux.txt
pillow==11.0.0
    # via
    #   -r dependencies/requirements-linux.txt
    #   controlnet-aux
    #   diffusers
    #   imageio
    #   matplotlib
    #   pymatting
    #   pyvista
    #   rembg
    #   scikit-image
    #   torchvision
platformdirs==4.3.8
    # via
    #   pooch
    #   virtualenv
plyfile==1.1
    # via -r dependencies/requirements-linux.txt
pooch==1.8.2
    # via
    #   pyvista
    #   rembg
propcache==0.3.1
    # via
    #   aiohttp
    #   yarl
protobuf==4.25.7
    # via
    #   mediapipe
    #   onnx
    #   onnxruntime
psutil==7.0.0
    # via accelerate
pycparser==2.22
    # via cffi
pydantic==2.11.5
    # via
    #   -r dependencies/requirements-linux.txt
    #   fastapi
    #   pydantic-settings
pydantic-core==2.33.2
    # via pydantic
pydantic-settings==2.9.1
    # via -r dependencies/requirements-linux.txt
pygments==2.19.1
    # via rich
pymatting==1.1.14
    # via rembg
pymeshfix==0.17.1
    # via -r dependencies/requirements-linux.txt
pyparsing==3.2.3
    # via
    #   compel
    #   matplotlib
pyreadline3==3.5.4
    # via humanfriendly
python-dateutil==2.9.0.post0
    # via matplotlib
python-dotenv==1.1.0
    # via
    #   pydantic-settings
    #   uvicorn
python-multipart==0.0.20
    # via fastapi
pyvista==0.45.2
    # via
    #   -r dependencies/requirements-linux.txt
    #   pymeshfix
pyyaml==6.0.2
    # via
    #   -r dependencies/requirements-linux.txt
    #   accelerate
    #   gguf
    #   huggingface-hub
    #   timm
    #   transformers
    #   uvicorn
referencing==0.36.2
    # via
    #   jsonschema
    #   jsonschema-specifications
regex==2024.11.6
    # via
    #   clip-anytorch
    #   diffusers
    #   transformers
rembg==2.0.66
    # via -r dependencies/requirements-linux.txt
requests==2.28.1
    # via
    #   diffusers
    #   huggingface-hub
    #   pooch
    #   transformers
restrictedpython==8.0
    # via -r dependencies/requirements-linux.txt
rich==14.0.0
    # via
    #   rich-toolkit
    #   typer
rich-toolkit==0.14.6
    # via fastapi-cli
rpds-py==0.25.1
    # via
    #   jsonschema
    #   referencing
safetensors==0.5.3
    # via
    #   -r dependencies/requirements-linux.txt
    #   accelerate
    #   diffusers
    #   spandrel
    #   timm
    #   transformers
scikit-image==0.25.2
    # via
    #   controlnet-aux
    #   rembg
scipy==1.15.3
    # via
    #   -r dependencies/requirements-linux.txt
    #   controlnet-aux
    #   jax
    #   jaxlib
    #   pymatting
    #   rembg
    #   scikit-image
    #   torchsde
scooby==0.10.1
    # via pyvista
sentencepiece==0.2.0
    # via
    #   gguf
    #   mediapipe
setuptools==70.2.0
    # via torch
shellingham==1.5.4
    # via typer
six==1.17.0
    # via python-dateutil
sniffio==1.3.1
    # via anyio
sounddevice==0.5.2
    # via mediapipe
spandrel==0.4.1
    # via -r dependencies/requirements-linux.txt
starlette==0.41.3
    # via fastapi
sympy==1.13.3
    # via
    #   onnxruntime
    #   torch
texttable==1.7.0
    # via igraph
tifffile==2025.5.21
    # via scikit-image
timm==1.0.15
    # via controlnet-aux
tokenizers==0.21.1
    # via
    #   -r dependencies/requirements-linux.txt
    #   transformers
torch==2.4.1+cu124
    # via
    #   -r dependencies/requirements-linux.txt
    #   accelerate
    #   clip-anytorch
    #   compel
    #   controlnet-aux
    #   diffusers
    #   kornia
    #   spandrel
    #   timm
    #   torchaudio
    #   torchsde
    #   torchvision
    #   xformers
torchaudio==2.4.1+cu124
    # via -r dependencies/requirements-linux.txt
torchsde==0.2.6
    # via -r dependencies/requirements-linux.txt
torchvision==0.19.1+cu124
    # via
    #   -r dependencies/requirements-linux.txt
    #   clip-anytorch
    #   controlnet-aux
    #   spandrel
    #   timm
tqdm==4.66.5
    # via
    #   clip-anytorch
    #   gguf
    #   huggingface-hub
    #   rembg
    #   transformers
trampoline==0.1.2
    # via torchsde
transformers==4.52.3
    # via
    #   -r dependencies/requirements-linux.txt
    #   compel
trimesh==4.6.10
    # via -r dependencies/requirements-linux.txt
typer==0.15.4
    # via fastapi-cli
typing-extensions==4.12.2
    # via
    #   anyio
    #   fastapi
    #   huggingface-hub
    #   onnx
    #   pydantic
    #   pydantic-core
    #   pyvista
    #   referencing
    #   rich-toolkit
    #   spandrel
    #   torch
    #   typer
    #   typing-inspection
typing-inspection==0.4.1
    # via
    #   pydantic
    #   pydantic-settings
urllib3==1.26.13
    # via requests
uvicorn==0.34.2
    # via
    #   fastapi
    #   fastapi-cli
virtualenv==20.31.2
    # via -r dependencies/requirements-linux.txt
vtk==9.4.2
    # via pyvista
watchfiles==1.0.5
    # via uvicorn
wcwidth==0.2.13
    # via ftfy
websockets==15.0.1
    # via
    #   -r dependencies/requirements-linux.txt
    #   uvicorn
wrapt==1.17.2
    # via deprecated
xatlas==0.0.10
    # via -r dependencies/requirements-linux.txt
xformers==0.0.28.post1
    # via -r dependencies/requirements-linux.txt
yarl==1.20.0
    # via aiohttp
zipp==3.21.0
    # via importlib-metadata
--extra-index-url https://download.pytorch.org/whl/cu124
