# This file was autogenerated by uv via the following command:
#    uv pip compile dependencies\requirements-linux-amdgpu.txt -o dependencies\linux-amdgpu.lock
absl-py==2.4.0
    # via mediapipe
accelerate==1.14.0
    # via
    #   -r dependencies/requirements-linux-amdgpu.txt
    #   diffsynth
    #   diffusers
    #   peft
aiohappyeyeballs==2.6.2
    # via aiohttp
aiohttp==3.14.1
    # via -r dependencies/requirements-linux-amdgpu.txt
aioshutil==1.6
    # via -r dependencies/requirements-linux-amdgpu.txt
aiosignal==1.4.0
    # via aiohttp
annotated-doc==0.0.4
    # via
    #   fastapi
    #   typer
annotated-types==0.7.0
    # via pydantic
anyio==4.14.1
    # via
    #   httpx
    #   jupyter-server
    #   starlette
    #   watchfiles
argon2-cffi==25.1.0
    # via jupyter-server
argon2-cffi-bindings==25.1.0
    # via argon2-cffi
arrow==1.4.0
    # via isoduration
asttokens==3.0.1
    # via stack-data
async-lru==2.3.0
    # via jupyterlab
attrs==26.1.0
    # via
    #   aiohttp
    #   cyclopts
    #   jsonschema
    #   referencing
babel==2.18.0
    # via jupyterlab-server
beautifulsoup4==4.15.0
    # via nbconvert
blake3==1.0.9
    # via -r dependencies/requirements-linux-amdgpu.txt
bleach==6.4.0
    # via nbconvert
certifi==2022.12.7
    # via
    #   httpcore
    #   httpx
    #   mediapipe
    #   requests
    #   sentry-sdk
cffi==2.0.0
    # via
    #   argon2-cffi-bindings
    #   sounddevice
charset-normalizer==2.1.1
    # via requests
click==8.4.2
    # via
    #   huggingface-hub
    #   rich-toolkit
    #   typer
    #   uvicorn
clip-anytorch==2.6.0
    # via -r dependencies/requirements-linux-amdgpu.txt
colorama==0.4.6
    # via
    #   click
    #   ipython
    #   tqdm
    #   uvicorn
comm==0.2.3
    # via ipykernel
compel==2.4.0
    # via -r dependencies/requirements-linux-amdgpu.txt
contourpy==1.3.3
    # via matplotlib
controlnet-aux==0.0.10
    # via -r dependencies/requirements-linux-amdgpu.txt
cycler==0.12.1
    # via matplotlib
cyclopts==4.19.0
    # via pyvista
datasets==1.1.1
    # via diffsynth
debugpy==1.8.21
    # via ipykernel
decorator==5.3.1
    # via ipython
defusedxml==0.7.1
    # via nbconvert
deprecated==1.3.1
    # via -r dependencies/requirements-linux-amdgpu.txt
detect-installer==0.1.0
    # via fastapi-cloud-cli
diffsynth==2.0.16
    # via -r dependencies/requirements-linux-amdgpu.txt
diffusers==0.38.0
    # via
    #   -r dependencies/requirements-linux-amdgpu.txt
    #   compel
dill==0.4.1
    # via
    #   datasets
    #   multiprocess
distlib==0.4.3
    # via virtualenv
dnspython==2.8.0
    # via email-validator
docstring-parser==0.18.0
    # via cyclopts
easydict==1.13
    # via -r dependencies/requirements-linux-amdgpu.txt
einops==0.8.2
    # via
    #   -r dependencies/requirements-linux-amdgpu.txt
    #   controlnet-aux
    #   diffsynth
    #   spandrel
email-validator==2.3.0
    # via
    #   fastapi
    #   pydantic
executing==2.2.1
    # via stack-data
fastapi==0.138.1
    # via -r dependencies/requirements-linux-amdgpu.txt
fastapi-cli==0.0.27
    # via fastapi
fastapi-cloud-cli==0.21.0
    # via fastapi-cli
fastar==0.11.0
    # via
    #   fastapi
    #   fastapi-cloud-cli
fastjsonschema==2.21.2
    # via nbformat
filelock==3.29.0
    # via
    #   controlnet-aux
    #   datasets
    #   diffusers
    #   huggingface-hub
    #   modelscope
    #   python-discovery
    #   torch
    #   virtualenv
flatbuffers==25.12.19
    # via
    #   mediapipe
    #   onnxruntime
fonttools==4.63.0
    # via matplotlib
fqdn==1.5.1
    # via jsonschema
frozenlist==1.8.0
    # via
    #   aiohttp
    #   aiosignal
fsspec==2026.4.0
    # via
    #   huggingface-hub
    #   torch
ftfy==6.3.1
    # via
    #   clip-anytorch
    #   diffsynth
gguf==0.19.0
    # via -r dependencies/requirements-linux-amdgpu.txt
glcontext==3.0.0
    # via moderngl
h11==0.16.0
    # via
    #   httpcore
    #   uvicorn
hf-xet==1.5.1
    # via huggingface-hub
httpcore==1.0.9
    # via httpx
httptools==0.8.0
    # via uvicorn
httpx==0.28.1
    # via
    #   diffusers
    #   fastapi
    #   fastapi-cloud-cli
    #   huggingface-hub
    #   jupyterlab
huggingface-hub==1.21.0
    # via
    #   -r dependencies/requirements-linux-amdgpu.txt
    #   accelerate
    #   controlnet-aux
    #   diffusers
    #   peft
    #   timm
    #   tokenizers
    #   transformers
idna==3.4
    # via
    #   anyio
    #   email-validator
    #   httpx
    #   jsonschema
    #   requests
    #   yarl
igraph==1.0.0
    # via -r dependencies/requirements-linux-amdgpu.txt
imageio==2.37.3
    # via
    #   diffsynth
    #   scikit-image
imageio-ffmpeg==0.6.0
    # via imageio
importlib-metadata==7.1.0
    # via
    #   controlnet-aux
    #   diffusers
ipykernel==7.3.0
    # via jupyterlab
ipython==9.15.0
    # via ipykernel
ipython-pygments-lexers==1.1.1
    # via ipython
isoduration==20.11.0
    # via jsonschema
jedi==0.20.0
    # via ipython
jinja2==3.1.6
    # via
    #   fastapi
    #   jupyter-server
    #   jupyterlab
    #   jupyterlab-server
    #   nbconvert
    #   torch
json5==0.15.0
    # via jupyterlab-server
jsonpointer==3.1.1
    # via jsonschema
jsonschema==4.26.0
    # via
    #   jupyter-events
    #   jupyterlab-server
    #   nbformat
    #   rembg
jsonschema-specifications==2025.9.1
    # via jsonschema
jupyter-client==8.9.1
    # via
    #   ipykernel
    #   jupyter-server
    #   nbclient
jupyter-core==5.9.1
    # via
    #   ipykernel
    #   jupyter-client
    #   jupyter-server
    #   jupyterlab
    #   nbclient
    #   nbconvert
    #   nbformat
jupyter-events==0.12.1
    # via jupyter-server
jupyter-lsp==2.3.1
    # via jupyterlab
jupyter-server==2.20.0
    # via
    #   jupyter-lsp
    #   jupyterlab
    #   jupyterlab-server
    #   notebook
    #   notebook-shim
jupyter-server-terminals==0.5.4
    # via jupyter-server
jupyterlab==4.1.6
    # via notebook
jupyterlab-pygments==0.3.0
    # via nbconvert
jupyterlab-server==2.24.0
    # via
    #   jupyterlab
    #   notebook
kiwisolver==1.5.0
    # via matplotlib
kornia==0.8.3
    # via -r dependencies/requirements-linux-amdgpu.txt
kornia-rs==0.1.14
    # via kornia
lark==1.3.1
    # via rfc3987-syntax
lazy-loader==0.5
    # via scikit-image
llvmlite==0.47.0
    # via numba
markdown-it-py==4.2.0
    # via rich
markupsafe==3.0.3
    # via
    #   jinja2
    #   nbconvert
matplotlib==3.11.0
    # via
    #   -r dependencies/requirements-linux-amdgpu.txt
    #   mediapipe
    #   pyvista
    #   vtk
matplotlib-inline==0.2.2
    # via
    #   ipykernel
    #   ipython
mdurl==0.1.2
    # via markdown-it-py
mediapipe==0.10.35
    # via -r dependencies/requirements-linux-amdgpu.txt
mistune==3.3.2
    # via nbconvert
ml-dtypes==0.5.4
    # via onnx
modelscope==1.37.1
    # via diffsynth
moderngl==5.12.0
    # via -r dependencies/requirements-linux-amdgpu.txt
mpmath==1.3.0
    # via sympy
multidict==6.7.1
    # via
    #   aiohttp
    #   yarl
multiprocess==0.70.19
    # via datasets
nbclient==0.11.0
    # via nbconvert
nbconvert==7.17.1
    # via jupyter-server
nbformat==5.10.4
    # via
    #   jupyter-server
    #   nbclient
    #   nbconvert
nest-asyncio2==1.7.2
    # via ipykernel
networkx==3.6.1
    # via
    #   scikit-image
    #   torch
notebook==7.1.3
    # via compel
notebook-shim==0.2.4
    # via
    #   jupyterlab
    #   notebook
numba==0.65.1
    # via pymatting
numpy==2.4.4
    # via
    #   accelerate
    #   contourpy
    #   controlnet-aux
    #   datasets
    #   diffusers
    #   gguf
    #   imageio
    #   matplotlib
    #   mediapipe
    #   ml-dtypes
    #   numba
    #   onnx
    #   onnxruntime
    #   opencv-contrib-python
    #   opencv-python-headless
    #   pandas
    #   peft
    #   plyfile
    #   pymatting
    #   pymeshfix
    #   pyvista
    #   rembg
    #   scikit-image
    #   scipy
    #   spandrel
    #   tifffile
    #   torchsde
    #   torchvision
    #   transformers
    #   trimesh
onnx==1.22.0
    # via -r dependencies/requirements-linux-amdgpu.txt
onnxruntime==1.27.0
    # via -r dependencies/requirements-linux-amdgpu.txt
opencv-contrib-python==4.13.0.92
    # via mediapipe
opencv-python-headless==4.13.0.92
    # via
    #   controlnet-aux
    #   rembg
packaging==24.1
    # via
    #   accelerate
    #   huggingface-hub
    #   ipykernel
    #   jupyter-events
    #   jupyter-server
    #   jupyterlab
    #   jupyterlab-server
    #   kornia
    #   lazy-loader
    #   matplotlib
    #   modelscope
    #   nbconvert
    #   onnxruntime
    #   peft
    #   pooch
    #   scikit-image
    #   transformers
pandas==3.0.3
    # via
    #   datasets
    #   diffsynth
pandocfilters==1.5.1
    # via nbconvert
parso==0.8.7
    # via jedi
peft==0.19.1
    # via diffsynth
picklescan==1.0.4
    # via -r dependencies/requirements-linux-amdgpu.txt
pillow==12.2.0
    # via
    #   -r dependencies/requirements-linux-amdgpu.txt
    #   controlnet-aux
    #   diffusers
    #   imageio
    #   matplotlib
    #   pymatting
    #   pyvista
    #   rembg
    #   scikit-image
    #   torchvision
platformdirs==4.10.0
    # via
    #   jupyter-core
    #   pooch
    #   python-discovery
    #   virtualenv
plyfile==1.1.4
    # via -r dependencies/requirements-linux-amdgpu.txt
pooch==1.9.0
    # via
    #   pyvista
    #   rembg
prometheus-client==0.25.0
    # via jupyter-server
prompt-toolkit==3.0.52
    # via ipython
propcache==0.5.2
    # via
    #   aiohttp
    #   yarl
protobuf==7.35.1
    # via
    #   diffsynth
    #   onnx
    #   onnxruntime
psutil==7.2.2
    # via
    #   accelerate
    #   imageio
    #   ipykernel
    #   ipython
    #   peft
pure-eval==0.2.3
    # via stack-data
pyarrow==24.0.0
    # via datasets
pycparser==3.0
    # via cffi
pydantic==2.13.4
    # via
    #   -r dependencies/requirements-linux-amdgpu.txt
    #   fastapi
    #   fastapi-cloud-cli
    #   pydantic-extra-types
    #   pydantic-settings
pydantic-core==2.46.4
    # via pydantic
pydantic-extra-types==2.11.1
    # via fastapi
pydantic-settings==2.14.2
    # via
    #   -r dependencies/requirements-linux-amdgpu.txt
    #   fastapi
pygments==2.20.0
    # via
    #   ipython
    #   ipython-pygments-lexers
    #   nbconvert
    #   rich
    #   rich-rst
pymatting==1.1.15
    # via rembg
pymeshfix==0.18.1
    # via -r dependencies/requirements-linux-amdgpu.txt
pyparsing==3.3.2
    # via
    #   compel
    #   matplotlib
python-dateutil==2.9.0.post0
    # via
    #   arrow
    #   jupyter-client
    #   matplotlib
    #   pandas
python-discovery==1.4.2
    # via virtualenv
python-dotenv==1.2.2
    # via
    #   pydantic-settings
    #   uvicorn
python-json-logger==4.1.0
    # via jupyter-events
python-multipart==0.0.32
    # via fastapi
pyvista==0.48.4
    # via -r dependencies/requirements-linux-amdgpu.txt
pywinpty==3.0.5
    # via
    #   jupyter-server
    #   jupyter-server-terminals
    #   terminado
pyyaml==6.0.3
    # via
    #   -r dependencies/requirements-linux-amdgpu.txt
    #   accelerate
    #   gguf
    #   huggingface-hub
    #   jupyter-events
    #   peft
    #   timm
    #   transformers
    #   uvicorn
pyzmq==27.1.0
    # via
    #   ipykernel
    #   jupyter-client
    #   jupyter-server
referencing==0.37.0
    # via
    #   jsonschema
    #   jsonschema-specifications
    #   jupyter-events
regex==2026.5.9
    # via
    #   clip-anytorch
    #   diffusers
    #   transformers
rembg==2.0.69
    # via -r dependencies/requirements-linux-amdgpu.txt
requests==2.28.1
    # via
    #   datasets
    #   diffusers
    #   gguf
    #   jupyterlab-server
    #   modelscope
    #   pooch
restrictedpython==8.3
    # via -r dependencies/requirements-linux-amdgpu.txt
rfc3339-validator==0.1.4
    # via
    #   jsonschema
    #   jupyter-events
rfc3986-validator==0.1.1
    # via
    #   jsonschema
    #   jupyter-events
rfc3987-syntax==1.1.0
    # via jsonschema
rich==15.0.0
    # via
    #   cyclopts
    #   rich-rst
    #   rich-toolkit
    #   typer
rich-rst==2.0.2
    # via cyclopts
rich-toolkit==0.20.1
    # via
    #   fastapi-cli
    #   fastapi-cloud-cli
rignore==0.7.6
    # via fastapi-cloud-cli
rocm @ https://repo.radeon.com/rocm/windows/rocm-rel-7.2.1/rocm-7.2.1.tar.gz
    # via
    #   -r dependencies/requirements-linux-amdgpu.txt
    #   torch
rocm-sdk-core @ https://repo.radeon.com/rocm/windows/rocm-rel-7.2.1/rocm_sdk_core-7.2.1-py3-none-win_amd64.whl
    # via
    #   -r dependencies/requirements-linux-amdgpu.txt
    #   rocm
rocm-sdk-devel @ https://repo.radeon.com/rocm/windows/rocm-rel-7.2.1/rocm_sdk_devel-7.2.1-py3-none-win_amd64.whl
    # via -r dependencies/requirements-linux-amdgpu.txt
rocm-sdk-libraries-custom @ https://repo.radeon.com/rocm/windows/rocm-rel-7.2.1/rocm_sdk_libraries_custom-7.2.1-py3-none-win_amd64.whl
    # via
    #   -r dependencies/requirements-linux-amdgpu.txt
    #   rocm
rpds-py==2026.5.1
    # via
    #   jsonschema
    #   referencing
safetensors==0.8.0
    # via
    #   -r dependencies/requirements-linux-amdgpu.txt
    #   accelerate
    #   diffsynth
    #   diffusers
    #   peft
    #   spandrel
    #   timm
    #   transformers
scikit-image==0.26.0
    # via
    #   controlnet-aux
    #   rembg
scipy==1.18.0
    # via
    #   -r dependencies/requirements-linux-amdgpu.txt
    #   controlnet-aux
    #   pymatting
    #   rembg
    #   scikit-image
    #   torchsde
scooby==0.11.2
    # via pyvista
send2trash==2.1.0
    # via jupyter-server
sentencepiece==0.2.1
    # via diffsynth
sentry-sdk==2.63.0
    # via fastapi-cloud-cli
setuptools==70.2.0
    # via
    #   modelscope
    #   torch
shellingham==1.5.4
    # via typer
six==1.17.0
    # via
    #   python-dateutil
    #   rfc3339-validator
sounddevice==0.5.5
    # via mediapipe
soupsieve==2.8.4
    # via beautifulsoup4
spandrel==0.4.2
    # via -r dependencies/requirements-linux-amdgpu.txt
stack-data==0.6.3
    # via ipython
starlette==1.3.1
    # via fastapi
sympy==1.14.0
    # via torch
terminado==0.18.1
    # via
    #   jupyter-server
    #   jupyter-server-terminals
texttable==1.7.0
    # via igraph
tifffile==2026.6.1
    # via scikit-image
timm==1.0.27
    # via controlnet-aux
tinycss2==1.5.1
    # via bleach
tokenizers==0.22.2
    # via
    #   -r dependencies/requirements-linux-amdgpu.txt
    #   transformers
torch @ https://repo.radeon.com/rocm/windows/rocm-rel-7.2.1/torch-2.9.1%2Brocm7.2.1-cp312-cp312-win_amd64.whl
    # via
    #   -r dependencies/requirements-linux-amdgpu.txt
    #   accelerate
    #   clip-anytorch
    #   compel
    #   controlnet-aux
    #   diffsynth
    #   diffusers
    #   kornia
    #   peft
    #   spandrel
    #   timm
    #   torchaudio
    #   torchsde
    #   torchvision
torchaudio @ https://repo.radeon.com/rocm/windows/rocm-rel-7.2.1/torchaudio-2.9.1%2Brocm7.2.1-cp312-cp312-win_amd64.whl
    # via -r dependencies/requirements-linux-amdgpu.txt
torchsde==0.2.6
    # via -r dependencies/requirements-linux-amdgpu.txt
torchvision @ https://repo.radeon.com/rocm/windows/rocm-rel-7.2.1/torchvision-0.24.1%2Brocm7.2.1-cp312-cp312-win_amd64.whl
    # via
    #   -r dependencies/requirements-linux-amdgpu.txt
    #   clip-anytorch
    #   controlnet-aux
    #   diffsynth
    #   spandrel
    #   timm
tornado==6.5.7
    # via
    #   ipykernel
    #   jupyter-client
    #   jupyter-server
    #   jupyterlab
    #   notebook
    #   terminado
tqdm==4.66.5
    # via
    #   clip-anytorch
    #   datasets
    #   gguf
    #   huggingface-hub
    #   modelscope
    #   peft
    #   rembg
    #   transformers
traitlets==5.15.1
    # via
    #   ipykernel
    #   ipython
    #   jupyter-client
    #   jupyter-core
    #   jupyter-events
    #   jupyter-server
    #   jupyterlab
    #   matplotlib-inline
    #   nbclient
    #   nbconvert
    #   nbformat
trampoline==0.1.2
    # via torchsde
transformers==5.12.1
    # via
    #   -r dependencies/requirements-linux-amdgpu.txt
    #   compel
    #   diffsynth
    #   peft
trimesh==4.12.2
    # via -r dependencies/requirements-linux-amdgpu.txt
typer==0.25.1
    # via
    #   fastapi-cli
    #   fastapi-cloud-cli
    #   huggingface-hub
    #   transformers
typing-extensions==4.15.0
    # via
    #   aiohttp
    #   aiosignal
    #   anyio
    #   beautifulsoup4
    #   fastapi
    #   huggingface-hub
    #   jupyter-client
    #   onnx
    #   pydantic
    #   pydantic-core
    #   pydantic-extra-types
    #   pyvista
    #   referencing
    #   rich-toolkit
    #   spandrel
    #   starlette
    #   torch
    #   typing-inspection
typing-inspection==0.4.2
    # via
    #   fastapi
    #   pydantic
    #   pydantic-settings
tzdata==2026.2
    # via
    #   arrow
    #   pandas
uri-template==1.3.0
    # via jsonschema
urllib3==1.26.13
    # via
    #   modelscope
    #   requests
    #   sentry-sdk
uvicorn==0.49.0
    # via
    #   fastapi
    #   fastapi-cli
    #   fastapi-cloud-cli
virtualenv==21.5.1
    # via -r dependencies/requirements-linux-amdgpu.txt
vtk==9.6.2
    # via pyvista
watchfiles==1.2.0
    # via uvicorn
wcwidth==0.8.1
    # via
    #   ftfy
    #   prompt-toolkit
webcolors==25.10.0
    # via jsonschema
webencodings==0.5.1
    # via
    #   bleach
    #   tinycss2
websocket-client==1.9.0
    # via jupyter-server
websockets==16.0
    # via
    #   -r dependencies/requirements-linux-amdgpu.txt
    #   uvicorn
wrapt==2.2.2
    # via deprecated
xatlas==0.0.11
    # via -r dependencies/requirements-linux-amdgpu.txt
xxhash==3.8.0
    # via datasets
yarl==1.24.2
    # via aiohttp
zipp==3.19.2
    # via importlib-metadata
