# This file was autogenerated by uv via the following command:
#    uv pip compile dependencies\requirements-windows.txt -o dependencies\windows.lock --no-upgrade
absl-py==2.2.1
    # via mediapipe
accelerate==1.5.2
    # via
    #   -r dependencies/requirements-windows.txt
    #   diffusers
aiohappyeyeballs==2.6.1
    # via aiohttp
aiohttp==3.11.14
    # via -r dependencies/requirements-windows.txt
aioshutil==1.5
    # via -r dependencies/requirements-windows.txt
aiosignal==1.3.2
    # via aiohttp
annotated-types==0.7.0
    # via pydantic
anyio==4.9.0
    # via
    #   httpx
    #   starlette
    #   watchfiles
asttokens==3.0.0
    # via stack-data
attrs==25.3.0
    # via
    #   aiohttp
    #   jsonschema
    #   mediapipe
    #   referencing
bitsandbytes==0.45.4
    # via -r dependencies/requirements-windows.txt
blake3==1.0.4
    # via -r dependencies/requirements-windows.txt
blinker==1.9.0
    # via flask
ccimport==0.4.4
    # via
    #   pccm
    #   spconv-cu124
certifi==2022.12.7
    # via
    #   httpcore
    #   httpx
    #   requests
cffi==1.17.1
    # via sounddevice
charset-normalizer==2.1.1
    # via requests
click==8.1.8
    # via
    #   flask
    #   rich-toolkit
    #   typer
    #   uvicorn
clip-anytorch==2.6.0
    # via -r dependencies/requirements-windows.txt
colorama==0.4.6
    # via
    #   click
    #   ipython
    #   tqdm
    #   uvicorn
coloredlogs==15.0.1
    # via onnxruntime
comm==0.2.2
    # via
    #   ipywidgets
    #   kaolin
compel==2.0.3
    # via -r dependencies/requirements-windows.txt
contourpy==1.3.1
    # via matplotlib
controlnet-aux==0.0.9
    # via -r dependencies/requirements-windows.txt
cumm-cu124==0.7.11
    # via spconv-cu124
cycler==0.12.1
    # via matplotlib
dataclasses-json==0.6.7
    # via pygltflib
decorator==5.2.1
    # via ipython
deprecated==1.2.18
    # via
    #   -r dependencies/requirements-windows.txt
    #   pygltflib
diff-gaussian-rasterization @ https://github.com/sunxfancy/diff-gaussian-rasterization/releases/download/v0.1/diff_gaussian_rasterization-0.0.0-cp312-cp312-win_amd64.whl
    # via -r dependencies/requirements-windows.txt
diffusers==0.32.2
    # via
    #   -r dependencies/requirements-windows.txt
    #   compel
distlib==0.3.9
    # via virtualenv
dnspython==2.7.0
    # via email-validator
easydict==1.13
    # via -r dependencies/requirements-windows.txt
einops==0.8.1
    # via
    #   -r dependencies/requirements-windows.txt
    #   controlnet-aux
    #   spandrel
email-validator==2.2.0
    # via fastapi
entrypoints==0.4
    # via jupyter-client
executing==2.2.0
    # via stack-data
fastapi==0.115.6
    # via -r dependencies/requirements-windows.txt
fastapi-cli==0.0.7
    # via fastapi
filelock==3.13.1
    # via
    #   controlnet-aux
    #   diffusers
    #   huggingface-hub
    #   torch
    #   transformers
    #   triton-windows
    #   virtualenv
fire==0.7.0
    # via
    #   cumm-cu124
    #   pccm
    #   spconv-cu124
flask==3.1.0
    # via kaolin
flatbuffers==25.2.10
    # via
    #   mediapipe
    #   onnxruntime
fonttools==4.56.0
    # via matplotlib
frozenlist==1.5.0
    # via
    #   aiohttp
    #   aiosignal
fsspec==2024.6.1
    # via
    #   huggingface-hub
    #   torch
ftfy==6.3.1
    # via clip-anytorch
gguf==0.14.0
    # via -r dependencies/requirements-windows.txt
glcontext==3.0.0
    # via moderngl
h11==0.14.0
    # via
    #   httpcore
    #   uvicorn
httpcore==1.0.7
    # via httpx
httptools==0.6.4
    # via uvicorn
httpx==0.28.1
    # via fastapi
huggingface-hub==0.29.3
    # via
    #   accelerate
    #   controlnet-aux
    #   diffusers
    #   tokenizers
    #   transformers
humanfriendly==10.0
    # via coloredlogs
idna==3.4
    # via
    #   anyio
    #   email-validator
    #   httpx
    #   requests
    #   yarl
igraph==0.11.8
    # via -r dependencies/requirements-windows.txt
imageio==2.37.0
    # via scikit-image
importlib-metadata==8.6.1
    # via
    #   controlnet-aux
    #   diffusers
ipycanvas==0.13.3
    # via kaolin
ipyevents==2.0.2
    # via kaolin
ipython==9.0.2
    # via
    #   ipywidgets
    #   kaolin
ipython-pygments-lexers==1.1.1
    # via ipython
ipywidgets==8.1.5
    # via
    #   ipycanvas
    #   ipyevents
itsdangerous==2.2.0
    # via flask
jax==0.5.3
    # via mediapipe
jaxlib==0.5.3
    # via
    #   jax
    #   mediapipe
jedi==0.19.2
    # via ipython
jinja2==3.1.4
    # via
    #   fastapi
    #   flask
    #   torch
jsonschema==4.23.0
    # via rembg
jsonschema-specifications==2024.10.1
    # via jsonschema
jupyter-client==7.4.9
    # via kaolin
jupyter-core==5.7.2
    # via jupyter-client
jupyterlab-widgets==3.0.13
    # via ipywidgets
kaolin @ https://nvidia-kaolin.s3.us-east-2.amazonaws.com/torch-2.4.0_cu124/kaolin-0.17.0-cp312-cp312-win_amd64.whl
    # via -r dependencies/requirements-windows.txt
kiwisolver==1.4.8
    # via matplotlib
kornia==0.8.0
    # via -r dependencies/requirements-windows.txt
kornia-rs==0.1.8
    # via kornia
lark==1.2.2
    # via pccm
lazy-loader==0.4
    # via scikit-image
llvmlite==0.44.0
    # via numba
markdown-it-py==3.0.0
    # via rich
markupsafe==2.1.5
    # via
    #   jinja2
    #   werkzeug
marshmallow==3.26.1
    # via dataclasses-json
matplotlib==3.10.1
    # via
    #   -r dependencies/requirements-windows.txt
    #   mediapipe
    #   pyvista
    #   vtk
matplotlib-inline==0.1.7
    # via ipython
mdurl==0.1.2
    # via markdown-it-py
mediapipe==0.10.21
    # via -r dependencies/requirements-windows.txt
ml-dtypes==0.5.1
    # via
    #   jax
    #   jaxlib
moderngl==5.12.0
    # via -r dependencies/requirements-windows.txt
mpmath==1.3.0
    # via sympy
multidict==6.2.0
    # via
    #   aiohttp
    #   yarl
mypy-extensions==1.0.0
    # via typing-inspect
nest-asyncio==1.6.0
    # via jupyter-client
networkx==3.3
    # via
    #   scikit-image
    #   torch
ninja==1.11.1.4
    # via ccimport
numba==0.61.0
    # via pymatting
numpy==1.26.3
    # via
    #   accelerate
    #   bitsandbytes
    #   contourpy
    #   controlnet-aux
    #   cumm-cu124
    #   diffusers
    #   gguf
    #   imageio
    #   ipycanvas
    #   jax
    #   jaxlib
    #   kaolin
    #   matplotlib
    #   mediapipe
    #   ml-dtypes
    #   numba
    #   nvdiffrast
    #   onnx
    #   onnxruntime
    #   opencv-contrib-python
    #   opencv-python-headless
    #   plyfile
    #   pymatting
    #   pymeshfix
    #   pyvista
    #   rembg
    #   scikit-image
    #   scipy
    #   spandrel
    #   spconv-cu124
    #   tifffile
    #   torchsde
    #   torchvision
    #   transformers
    #   trimesh
    #   warp-lang
    #   xatlas
    #   xformers
nvdiffrast @ https://github.com/sunxfancy/nvdiffrast/releases/download/v0.3.3.1/nvdiffrast-0.3.3.1-cp312-cp312-win_amd64.whl
    # via -r dependencies/requirements-windows.txt
onnx==1.17.0
    # via -r dependencies/requirements-windows.txt
onnxruntime==1.21.0
    # via -r dependencies/requirements-windows.txt
opencv-contrib-python==4.11.0.86
    # via mediapipe
opencv-python-headless==4.11.0.86
    # via
    #   controlnet-aux
    #   rembg
opt-einsum==3.4.0
    # via jax
packaging==24.1
    # via
    #   accelerate
    #   huggingface-hub
    #   kornia
    #   lazy-loader
    #   marshmallow
    #   matplotlib
    #   onnxruntime
    #   pooch
    #   scikit-image
    #   transformers
parso==0.8.4
    # via jedi
pccm==0.4.16
    # via
    #   cumm-cu124
    #   spconv-cu124
picklescan==0.0.24
    # via -r dependencies/requirements-windows.txt
pillow==11.0.0
    # via
    #   -r dependencies/requirements-windows.txt
    #   controlnet-aux
    #   diffusers
    #   imageio
    #   ipycanvas
    #   kaolin
    #   matplotlib
    #   pymatting
    #   pyvista
    #   rembg
    #   scikit-image
    #   torchvision
platformdirs==4.3.7
    # via
    #   jupyter-core
    #   pooch
    #   virtualenv
plyfile==1.1
    # via -r dependencies/requirements-windows.txt
pooch==1.8.2
    # via
    #   pyvista
    #   rembg
portalocker==2.10.1
    # via pccm
prompt-toolkit==3.0.50
    # via ipython
propcache==0.3.1
    # via
    #   aiohttp
    #   yarl
protobuf==4.25.6
    # via
    #   mediapipe
    #   onnx
    #   onnxruntime
psutil==7.0.0
    # via accelerate
pure-eval==0.2.3
    # via stack-data
pybind11==2.13.6
    # via
    #   ccimport
    #   cumm-cu124
    #   kaolin
    #   pccm
    #   spconv-cu124
pycparser==2.22
    # via cffi
pydantic==2.11.1
    # via
    #   -r dependencies/requirements-windows.txt
    #   fastapi
    #   pydantic-settings
pydantic-core==2.33.0
    # via pydantic
pydantic-settings==2.8.1
    # via -r dependencies/requirements-windows.txt
pygltflib==1.16.3
    # via kaolin
pygments==2.19.1
    # via
    #   ipython
    #   ipython-pygments-lexers
    #   rich
pymatting==1.1.13
    # via rembg
pymeshfix==0.17.0
    # via -r dependencies/requirements-windows.txt
pyparsing==3.2.3
    # via
    #   compel
    #   matplotlib
pyreadline3==3.5.4
    # via humanfriendly
python-dateutil==2.9.0.post0
    # via
    #   jupyter-client
    #   matplotlib
python-dotenv==1.1.0
    # via
    #   pydantic-settings
    #   uvicorn
python-multipart==0.0.20
    # via fastapi
pyvista==0.44.2
    # via
    #   -r dependencies/requirements-windows.txt
    #   pymeshfix
pywin32==310
    # via
    #   jupyter-core
    #   portalocker
pyyaml==6.0.2
    # via
    #   -r dependencies/requirements-windows.txt
    #   accelerate
    #   gguf
    #   huggingface-hub
    #   transformers
    #   uvicorn
pyzmq==26.3.0
    # via jupyter-client
referencing==0.36.2
    # via
    #   jsonschema
    #   jsonschema-specifications
regex==2024.11.6
    # via
    #   clip-anytorch
    #   diffusers
    #   transformers
rembg==2.0.65
    # via -r dependencies/requirements-windows.txt
requests==2.28.1
    # via
    #   ccimport
    #   diffusers
    #   huggingface-hub
    #   pooch
    #   transformers
restrictedpython==8.0
    # via -r dependencies/requirements-windows.txt
rich==13.9.4
    # via
    #   rich-toolkit
    #   typer
rich-toolkit==0.14.0
    # via fastapi-cli
rpds-py==0.24.0
    # via
    #   jsonschema
    #   referencing
safetensors==0.5.3
    # via
    #   -r dependencies/requirements-windows.txt
    #   accelerate
    #   diffusers
    #   spandrel
    #   transformers
scikit-image==0.25.2
    # via
    #   controlnet-aux
    #   rembg
scipy==1.15.2
    # via
    #   -r dependencies/requirements-windows.txt
    #   controlnet-aux
    #   jax
    #   jaxlib
    #   kaolin
    #   pymatting
    #   rembg
    #   scikit-image
    #   torchsde
scooby==0.10.0
    # via pyvista
sentencepiece==0.2.0
    # via
    #   gguf
    #   mediapipe
setuptools==70.2.0
    # via torch
shellingham==1.5.4
    # via typer
six==1.17.0
    # via python-dateutil
sniffio==1.3.1
    # via anyio
sounddevice==0.5.1
    # via mediapipe
spandrel==0.4.1
    # via -r dependencies/requirements-windows.txt
spconv-cu124==2.3.8
    # via -r dependencies/requirements-windows.txt
stack-data==0.6.3
    # via ipython
starlette==0.41.3
    # via fastapi
sympy==1.13.1
    # via
    #   cumm-cu124
    #   onnxruntime
    #   torch
termcolor==2.5.0
    # via fire
texttable==1.7.0
    # via igraph
tifffile==2025.3.13
    # via scikit-image
timm==0.6.7
    # via controlnet-aux
tokenizers==0.21.1
    # via
    #   -r dependencies/requirements-windows.txt
    #   transformers
torch==2.4.1+cu124
    # via
    #   -r dependencies/requirements-windows.txt
    #   accelerate
    #   bitsandbytes
    #   clip-anytorch
    #   compel
    #   controlnet-aux
    #   diffusers
    #   kornia
    #   spandrel
    #   timm
    #   torchaudio
    #   torchsde
    #   torchvision
    #   xformers
torch-scatter @ https://data.pyg.org/whl/torch-2.4.0%2Bcu124/torch_scatter-2.1.2%2Bpt24cu124-cp312-cp312-win_amd64.whl
    # via -r dependencies/requirements-windows.txt
torchaudio==2.4.1+cu124
    # via -r dependencies/requirements-windows.txt
torchsde==0.2.6
    # via -r dependencies/requirements-windows.txt
torchvision==0.19.1+cu124
    # via
    #   -r dependencies/requirements-windows.txt
    #   clip-anytorch
    #   controlnet-aux
    #   spandrel
    #   timm
tornado==6.4.2
    # via
    #   jupyter-client
    #   kaolin
tqdm==4.66.5
    # via
    #   clip-anytorch
    #   gguf
    #   huggingface-hub
    #   kaolin
    #   rembg
    #   transformers
traitlets==5.14.3
    # via
    #   comm
    #   ipython
    #   ipywidgets
    #   jupyter-client
    #   jupyter-core
    #   matplotlib-inline
trampoline==0.1.2
    # via torchsde
transformers==4.50.3
    # via
    #   -r dependencies/requirements-windows.txt
    #   compel
trimesh==4.6.6
    # via -r dependencies/requirements-windows.txt
triton-windows==3.1.0.post17
    # via -r dependencies/requirements-windows.txt
typer==0.15.2
    # via fastapi-cli
typing-extensions==4.12.2
    # via
    #   anyio
    #   fastapi
    #   huggingface-hub
    #   pydantic
    #   pydantic-core
    #   pyvista
    #   referencing
    #   rich-toolkit
    #   spandrel
    #   torch
    #   typer
    #   typing-inspect
    #   typing-inspection
typing-inspect==0.9.0
    # via dataclasses-json
typing-inspection==0.4.0
    # via pydantic
urllib3==1.26.13
    # via requests
usd-core==25.2.post1
    # via kaolin
uvicorn==0.34.0
    # via
    #   fastapi
    #   fastapi-cli
virtualenv==20.29.3
    # via -r dependencies/requirements-windows.txt
vtk==9.3.1
    # via pyvista
warp-lang==1.6.2
    # via kaolin
watchfiles==1.0.4
    # via uvicorn
wcwidth==0.2.13
    # via
    #   ftfy
    #   prompt-toolkit
websockets==15.0.1
    # via
    #   -r dependencies/requirements-windows.txt
    #   uvicorn
werkzeug==3.1.3
    # via flask
widgetsnbextension==4.0.13
    # via ipywidgets
wrapt==1.17.2
    # via deprecated
xatlas==0.0.9
    # via -r dependencies/requirements-windows.txt
xformers==0.0.28.post1
    # via -r dependencies/requirements-windows.txt
yarl==1.18.3
    # via aiohttp
zipp==3.21.0
    # via importlib-metadata


# 以下是原始requirements文件中的index URL配置
--extra-index-url https://download.pytorch.org/whl/cu124
